// !$*UTF8*$!
{
	archiveVersion = 1;
	classes = {
	};
	objectVersion = 48;
	objects = {

/* Begin PBXBuildFile section */
		2397F5952070F82E0068DDEE /* AppDelegate.m in Sources */ = {isa = PBXBuildFile; fileRef = 2397F5942070F82E0068DDEE /* AppDelegate.m */; };
		2397F5982070F82E0068DDEE /* ViewController.m in Sources */ = {isa = PBXBuildFile; fileRef = 2397F5972070F82E0068DDEE /* ViewController.m */; };
		2397F59B2070F82E0068DDEE /* Main.storyboard in Resources */ = {isa = PBXBuildFile; fileRef = 2397F5992070F82E0068DDEE /* Main.storyboard */; };
		2397F59D2070F82E0068DDEE /* Assets.xcassets in Resources */ = {isa = PBXBuildFile; fileRef = 2397F59C2070F82E0068DDEE /* Assets.xcassets */; };
		2397F5A02070F82E0068DDEE /* LaunchScreen.storyboard in Resources */ = {isa = PBXBuildFile; fileRef = 2397F59E2070F82E0068DDEE /* LaunchScreen.storyboard */; };
		2397F5A32070F82E0068DDEE /* main.m in Sources */ = {isa = PBXBuildFile; fileRef = 2397F5A22070F82E0068DDEE /* main.m */; };
/* End PBXBuildFile section */

/* Begin PBXFileReference section */
		2397F5902070F82E0068DDEE /* testCom.app */ = {isa = PBXFileReference; explicitFileType = wrapper.application; includeInIndex = 0; path = testCom.app; sourceTree = BUILT_PRODUCTS_DIR; };
		2397F5932070F82E0068DDEE /* AppDelegate.h */ = {isa = PBXFileReference; lastKnownFileType = sourcecode.c.h; path = AppDelegate.h; sourceTree = "<group>"; };
		2397F5942070F82E0068DDEE /* AppDelegate.m */ = {isa = PBXFileReference; lastKnownFileType = sourcecode.c.objc; path = AppDelegate.m; sourceTree = "<group>"; };
		2397F5962070F82E0068DDEE /* ViewController.h */ = {isa = PBXFileReference; lastKnownFileType = sourcecode.c.h; path = ViewController.h; sourceTree = "<group>"; };
		2397F5972070F82E0068DDEE /* ViewController.m */ = {isa = PBXFileReference; lastKnownFileType = sourcecode.c.objc; path = ViewController.m; sourceTree = "<group>"; };
		2397F59A2070F82E0068DDEE /* Base */ = {isa = PBXFileReference; lastKnownFileType = file.storyboard; name = Base; path = Base.lproj/Main.storyboard; sourceTree = "<group>"; };
		2397F59C2070F82E0068DDEE /* Assets.xcassets */ = {isa = PBXFileReference; lastKnownFileType = folder.assetcatalog; path = Assets.xcassets; sourceTree = "<group>"; };
		2397F59F2070F82E0068DDEE /* Base */ = {isa = PBXFileReference; lastKnownFileType = file.storyboard; name = Base; path = Base.lproj/LaunchScreen.storyboard; sourceTree = "<group>"; };
		2397F5A12070F82E0068DDEE /* Info.plist */ = {isa = PBXFileReference; lastKnownFileType = text.plist.xml; path = Info.plist; sourceTree = "<group>"; };
		2397F5A22070F82E0068DDEE /* main.m */ = {isa = PBXFileReference; lastKnownFileType = sourcecode.c.objc; path = main.m; sourceTree = "<group>"; };
/* End PBXFileReference section */

/* Begin PBXFrameworksBuildPhase section */
		2397F58D2070F82E0068DDEE /* Frameworks */ = {
			isa = PBXFrameworksBuildPhase;
			buildActionMask = 2147483647;
			files = (
			);
			runOnlyForDeploymentPostprocessing = 0;
		};
/* End PBXFrameworksBuildPhase section */

/* Begin PBXGroup section */
		2397F5872070F82D0068DDEE = {
			isa = PBXGroup;
			children = (
				2397F5922070F82E0068DDEE /* testCom */,
				2397F5912070F82E0068DDEE /* Products */,
			);
			sourceTree = "<group>";
		};
		2397F5912070F82E0068DDEE /* Products */ = {
			isa = PBXGroup;
			children = (
				2397F5902070F82E0068DDEE /* testCom.app */,
			);
			name = Products;
			sourceTree = "<group>";
		};
		2397F5922070F82E0068DDEE /* testCom */ = {
			isa = PBXGroup;
			children = (
				2397F5932070F82E0068DDEE /* AppDelegate.h */,
				2397F5942070F82E0068DDEE /* AppDelegate.m */,
				2397F5962070F82E0068DDEE /* ViewController.h */,
				2397F5972070F82E0068DDEE /* ViewController.m */,
				2397F5992070F82E0068DDEE /* Main.storyboard */,
				2397F59C2070F82E0068DDEE /* Assets.xcassets */,
				2397F59E2070F82E0068DDEE /* LaunchScreen.storyboard */,
				2397F5A12070F82E0068DDEE /* Info.plist */,
				2397F5A22070F82E0068DDEE /* main.m */,
			);
			path = testCom;
			sourceTree = "<group>";
		};
/* End PBXGroup section */

/* Begin PBXNativeTarget section */
		2397F58F2070F82E0068DDEE /* testCom */ = {
			isa = PBXNativeTarget;
			buildConfigurationList = 2397F5A62070F82E0068DDEE /* Build configuration list for PBXNativeTarget "testCom" */;
			buildPhases = (
				2397F58C2070F82E0068DDEE /* Sources */,
				2397F58D2070F82E0068DDEE /* Frameworks */,
				2397F58E2070F82E0068DDEE /* Resources */,
			);
			buildRules = (
			);
			dependencies = (
			);
			name = testCom;
			productName = testCom;
			productReference = 2397F5902070F82E0068DDEE /* testCom.app */;
			productType = "com.apple.product-type.application";
		};
/* End PBXNativeTarget section */

/* Begin PBXProject section */
		2397F5882070F82D0068DDEE /* Project object */ = {
			isa = PBXProject;
			attributes = {
				LastUpgradeCheck = 0920;
				ORGANIZATIONNAME = com.ForShare.www;
				TargetAttributes = {
					2397F58F2070F82E0068DDEE = {
						CreatedOnToolsVersion = 9.2;
						ProvisioningStyle = Automatic;
					};
				};
			};
			buildConfigurationList = 2397F58B2070F82D0068DDEE /* Build configuration list for PBXProject "testCom" */;
			compatibilityVersion = "Xcode 8.0";
			developmentRegion = en;
			hasScannedForEncodings = 0;
			knownRegions = (
				en,
				Base,
			);
			mainGroup = 2397F5872070F82D0068DDEE;
			productRefGroup = 2397F5912070F82E0068DDEE /* Products */;
			projectDirPath = "";
			projectRoot = "";
			targets = (
				2397F58F2070F82E0068DDEE /* testCom */,
			);
		};
/* End PBXProject section */

/* Begin PBXResourcesBuildPhase section */
		2397F58E2070F82E0068DDEE /* Resources */ = {
			isa = PBXResourcesBuildPhase;
			buildActionMask = 2147483647;
			files = (
				2397F5A02070F82E0068DDEE /* LaunchScreen.storyboard in Resources */,
				2397F59D2070F82E0068DDEE /* Assets.xcassets in Resources */,
				2397F59B2070F82E0068DDEE /* Main.storyboard in Resources */,
			);
			runOnlyForDeploymentPostprocessing = 0;
		};
/* End PBXResourcesBuildPhase section */

/* Begin PBXSourcesBuildPhase section */
		2397F58C2070F82E0068DDEE /* Sources */ = {
			isa = PBXSourcesBuildPhase;
			buildActionMask = 2147483647;
			files = (
				2397F5982070F82E0068DDEE /* ViewController.m in Sources */,
				2397F5A32070F82E0068DDEE /* main.m in Sources */,
				2397F5952070F82E0068DDEE /* AppDelegate.m in Sources */,
			);
			runOnlyForDeploymentPostprocessing = 0;
		};
/* End PBXSourcesBuildPhase section */

/* Begin PBXVariantGroup section */
		2397F5992070F82E0068DDEE /* Main.storyboard */ = {
			isa = PBXVariantGroup;
			children = (
				2397F59A2070F82E0068DDEE /* Base */,
			);
			name = Main.storyboard;
			sourceTree = "<group>";
		};
		2397F59E2070F82E0068DDEE /* LaunchScreen.storyboard */ = {
			isa = PBXVariantGroup;
			children = (
				2397F59F2070F82E0068DDEE /* Base */,
			);
			name = LaunchScreen.storyboard;
			sourceTree = "<group>";
		};
/* End PBXVariantGroup section */

/* Begin XCBuildConfiguration section */
		2397F5A42070F82E0068DDEE /* Debug */ = {
			isa = XCBuildConfiguration;
			buildSettings = {
				ALWAYS_SEARCH_USER_PATHS = NO;
				CLANG_ANALYZER_NONNULL = YES;
				CLANG_ANALYZER_NUMBER_OBJECT_CONVERSION = YES_AGGRESSIVE;
				CLANG_CXX_LANGUAGE_STANDARD = "gnu++14";
				CLANG_CXX_LIBRARY = "libc++";
				CLANG_ENABLE_MODULES = YES;
				CLANG_ENABLE_OBJC_ARC = YES;
				CLANG_WARN_BLOCK_CAPTURE_AUTORELEASING = YES;
				CLANG_WARN_BOOL_CONVERSION = YES;
				CLANG_WARN_COMMA = YES;
				CLANG_WARN_CONSTANT_CONVERSION = YES;
				CLANG_WARN_DIRECT_OBJC_ISA_USAGE = YES_ERROR;
				CLANG_WARN_DOCUMENTATION_COMMENTS = YES;
				CLANG_WARN_EMPTY_BODY = YES;
				CLANG_WARN_ENUM_CONVERSION = YES;
				CLANG_WARN_INFINITE_RECURSION = YES;
				CLANG_WARN_INT_CONVERSION = YES;
				CLANG_WARN_NON_LITERAL_NULL_CONVERSION = YES;
				CLANG_WARN_OBJC_LITERAL_CONVERSION = YES;
				CLANG_WARN_OBJC_ROOT_CLASS = YES_ERROR;
				CLANG_WARN_RANGE_LOOP_ANALYSIS = YES;
				CLANG_WARN_STRICT_PROTOTYPES = YES;
				CLANG_WARN_SUSPICIOUS_MOVE = YES;
				CLANG_WARN_UNGUARDED_AVAILABILITY = YES_AGGRESSIVE;
				CLANG_WARN_UNREACHABLE_CODE = YES;
				CLANG_WARN__DUPLICATE_METHOD_MATCH = YES;
				CODE_SIGN_IDENTITY = "iPhone Developer";
				COPY_PHASE_STRIP = NO;
				DEBUG_INFORMATION_FORMAT = dwarf;
				ENABLE_STRICT_OBJC_MSGSEND = YES;
				ENABLE_TESTABILITY = YES;
				GCC_C_LANGUAGE_STANDARD = gnu11;
				GCC_DYNAMIC_NO_PIC = NO;
				GCC_NO_COMMON_BLOCKS = YES;
				GCC_OPTIMIZATION_LEVEL = 0;
				GCC_PREPROCESSOR_DEFINITIONS = (
					"DEBUG=1",
					"$(inherited)",
				);
				GCC_WARN_64_TO_32_BIT_CONVERSION = YES;
				GCC_WARN_ABOUT_RETURN_TYPE = YES_ERROR;
				GCC_WARN_UNDECLARED_SELECTOR = YES;
				GCC_WARN_UNINITIALIZED_AUTOS = YES_AGGRESSIVE;
				GCC_WARN_UNUSED_FUNCTION = YES;
				GCC_WARN_UNUSED_VARIABLE = YES;
				IPHONEOS_DEPLOYMENT_TARGET = 11.2;
				MTL_ENABLE_DEBUG_INFO = YES;
				ONLY_ACTIVE_ARCH = YES;
				SDKROOT = iphoneos;
			};
			name = Debug;
		};
		2397F5A52070F82E0068DDEE /* Release */ = {
			isa = XCBuildConfiguration;
			buildSettings = {
				ALWAYS_SEARCH_USER_PATHS = NO;
				CLANG_ANALYZER_NONNULL = YES;
				CLANG_ANALYZER_NUMBER_OBJECT_CONVERSION = YES_AGGRESSIVE;
				CLANG_CXX_LANGUAGE_STANDARD = "gnu++14";
				CLANG_CXX_LIBRARY = "libc++";
				CLANG_ENABLE_MODULES = YES;
				CLANG_ENABLE_OBJC_ARC = YES;
				CLANG_WARN_BLOCK_CAPTURE_AUTORELEASING = YES;
				CLANG_WARN_BOOL_CONVERSION = YES;
				CLANG_WARN_COMMA = YES;
				CLANG_WARN_CONSTANT_CONVERSION = YES;
				CLANG_WARN_DIRECT_OBJC_ISA_USAGE = YES_ERROR;
				CLANG_WARN_DOCUMENTATION_COMMENTS = YES;
				CLANG_WARN_EMPTY_BODY = YES;
				CLANG_WARN_ENUM_CONVERSION = YES;
				CLANG_WARN_INFINITE_RECURSION = YES;
				CLANG_WARN_INT_CONVERSION = YES;
				CLANG_WARN_NON_LITERAL_NULL_CONVERSION = YES;
				CLANG_WARN_OBJC_LITERAL_CONVERSION = YES;
				CLANG_WARN_OBJC_ROOT_CLASS = YES_ERROR;
				CLANG_WARN_RANGE_LOOP_ANALYSIS = YES;
				CLANG_WARN_STRICT_PROTOTYPES = YES;
				CLANG_WARN_SUSPICIOUS_MOVE = YES;
				CLANG_WARN_UNGUARDED_AVAILABILITY = YES_AGGRESSIVE;
				CLANG_WARN_UNREACHABLE_CODE = YES;
				CLANG_WARN__DUPLICATE_METHOD_MATCH = YES;
				CODE_SIGN_IDENTITY = "iPhone Developer";
				COPY_PHASE_STRIP = NO;
				DEBUG_INFORMATION_FORMAT = "dwarf-with-dsym";
				ENABLE_NS_ASSERTIONS = NO;
				ENABLE_STRICT_OBJC_MSGSEND = YES;
				GCC_C_LANGUAGE_STANDARD = gnu11;
				GCC_NO_COMMON_BLOCKS = YES;
				GCC_WARN_64_TO_32_BIT_CONVERSION = YES;
				GCC_WARN_ABOUT_RETURN_TYPE = YES_ERROR;
				GCC_WARN_UNDECLARED_SELECTOR = YES;
				GCC_WARN_UNINITIALIZED_AUTOS = YES_AGGRESSIVE;
				GCC_WARN_UNUSED_FUNCTION = YES;
				GCC_WARN_UNUSED_VARIABLE = YES;
				IPHONEOS_DEPLOYMENT_TARGET = 11.2;
				MTL_ENABLE_DEBUG_INFO = NO;
				SDKROOT = iphoneos;
				VALIDATE_PRODUCT = YES;
			};
			name = Release;
		};
		2397F5A72070F82E0068DDEE /* Debug */ = {
			isa = XCBuildConfiguration;
			buildSettings = {
				ASSETCATALOG_COMPILER_APPICON_NAME = AppIcon;
				CODE_SIGN_STYLE = Automatic;
				INFOPLIST_FILE = testCom/Info.plist;
				LD_RUNPATH_SEARCH_PATHS = "$(inherited) @executable_path/Frameworks";
				PRODUCT_BUNDLE_IDENTIFIER = com.ForShare.www.testCom;
				PRODUCT_NAME = "$(TARGET_NAME)";
				TARGETED_DEVICE_FAMILY = "1,2";
			};
			name = Debug;
		};
		2397F5A82070F82E0068DDEE /* Release */ = {
			isa = XCBuildConfiguration;
			buildSettings = {
				ASSETCATALOG_COMPILER_APPICON_NAME = AppIcon;
				CODE_SIGN_STYLE = Automatic;
				INFOPLIST_FILE = testCom/Info.plist;
				LD_RUNPATH_SEARCH_PATHS = "$(inherited) @executable_path/Frameworks";
				PRODUCT_BUNDLE_IDENTIFIER = com.ForShare.www.testCom;
				PRODUCT_NAME = "$(TARGET_NAME)";
				TARGETED_DEVICE_FAMILY = "1,2";
			};
			name = Release;
		};
/* End XCBuildConfiguration section */

/* Begin XCConfigurationList section */
		2397F58B2070F82D0068DDEE /* Build configuration list for PBXProject "testCom" */ = {
			isa = XCConfigurationList;
			buildConfigurations = (
				2397F5A42070F82E0068DDEE /* Debug */,
				2397F5A52070F82E0068DDEE /* Release */,
			);
			defaultConfigurationIsVisible = 0;
			defaultConfigurationName = Release;
		};
		2397F5A62070F82E0068DDEE /* Build configuration list for PBXNativeTarget "testCom" */ = {
			isa = XCConfigurationList;
			buildConfigurations = (
				2397F5A72070F82E0068DDEE /* Debug */,
				2397F5A82070F82E0068DDEE /* Release */,
			);
			defaultConfigurationIsVisible = 0;
			defaultConfigurationName = Release;
		};
/* End XCConfigurationList section */
	};
	rootObject = 2397F5882070F82D0068DDEE /* Project object */;
}
